
Microsoft Visual Studio Solution File, Format Version 12.00
# Visual Studio Version 16
VisualStudioVersion = 16.0.30128.74
MinimumVisualStudioVersion = 10.0.40219.1
Project("{FAE04EC0-301F-11D3-BF4B-00C04F79EFBC}") = "PrestamoLibros", "PrestamoLibros\PrestamoLibros.csproj", "{58BFE81A-ED74-4558-A3FF-139E221471ED}"
EndProject
Global
	GlobalSection(SolutionConfigurationPlatforms) = preSolution
		Debug|Any CPU = Debug|Any CPU
		Release|Any CPU = Release|Any CPU
	EndGlobalSection
	GlobalSection(ProjectConfigurationPlatforms) = postSolution
		{58BFE81A-ED74-4558-A3FF-139E221471ED}.Debug|Any CPU.ActiveCfg = Debug|Any CPU
		{58BFE81A-ED74-4558-A3FF-139E221471ED}.Debug|Any CPU.Build.0 = Debug|Any CPU
		{58BFE81A-ED74-4558-A3FF-139E221471ED}.Release|Any CPU.ActiveCfg = Release|Any CPU
		{58BFE81A-ED74-4558-A3FF-139E221471ED}.Release|Any CPU.Build.0 = Release|Any CPU
	EndGlobalSection
	GlobalSection(SolutionProperties) = preSolution
		HideSolutionNode = FALSE
	EndGlobalSection
	GlobalSection(ExtensibilityGlobals) = postSolution
		SolutionGuid = {47E985C7-B441-4022-9EFF-1C7A06E99160}
	EndGlobalSection
EndGlobal
